
Microsoft Visual Studio Solution File, Format Version 12.00
# Visual Studio Version 17
VisualStudioVersion = 17.1.32421.90
MinimumVisualStudioVersion = 10.0.40219.1
Project("{9A19103F-16F7-4668-BE54-9A1E7A4F7556}") = "EntityFrameworkSample.Domain", "EntityFrameworkSample.Domain\EntityFrameworkSample.Domain.csproj", "{84ADAA13-2F3F-4316-8A26-FD5333D801EF}"
EndProject
Project("{9A19103F-16F7-4668-BE54-9A1E7A4F7556}") = "EntityFrameworkSample.Data", "EntityFrameworkSample.Data\EntityFrameworkSample.Data.csproj", "{192EE72B-2484-4085-946D-698519EA8D2A}"
EndProject
Project("{FAE04EC0-301F-11D3-BF4B-00C04F79EFBC}") = "EntityFrameworkSample.Api", "EntityFrameworkSample.Api\EntityFrameworkSample.Api.csproj", "{0BB298CF-A17B-4308-8FBC-A064A643766D}"
EndProject
Global
	GlobalSection(SolutionConfigurationPlatforms) = preSolution
		Debug|Any CPU = Debug|Any CPU
		Release|Any CPU = Release|Any CPU
	EndGlobalSection
	GlobalSection(ProjectConfigurationPlatforms) = postSolution
		{84ADAA13-2F3F-4316-8A26-FD5333D801EF}.Debug|Any CPU.ActiveCfg = Debug|Any CPU
		{84ADAA13-2F3F-4316-8A26-FD5333D801EF}.Debug|Any CPU.Build.0 = Debug|Any CPU
		{84ADAA13-2F3F-4316-8A26-FD5333D801EF}.Release|Any CPU.ActiveCfg = Release|Any CPU
		{84ADAA13-2F3F-4316-8A26-FD5333D801EF}.Release|Any CPU.Build.0 = Release|Any CPU
		{192EE72B-2484-4085-946D-698519EA8D2A}.Debug|Any CPU.ActiveCfg = Debug|Any CPU
		{192EE72B-2484-4085-946D-698519EA8D2A}.Debug|Any CPU.Build.0 = Debug|Any CPU
		{192EE72B-2484-4085-946D-698519EA8D2A}.Release|Any CPU.ActiveCfg = Release|Any CPU
		{192EE72B-2484-4085-946D-698519EA8D2A}.Release|Any CPU.Build.0 = Release|Any CPU
		{0BB298CF-A17B-4308-8FBC-A064A643766D}.Debug|Any CPU.ActiveCfg = Debug|Any CPU
		{0BB298CF-A17B-4308-8FBC-A064A643766D}.Debug|Any CPU.Build.0 = Debug|Any CPU
		{0BB298CF-A17B-4308-8FBC-A064A643766D}.Release|Any CPU.ActiveCfg = Release|Any CPU
		{0BB298CF-A17B-4308-8FBC-A064A643766D}.Release|Any CPU.Build.0 = Release|Any CPU
	EndGlobalSection
	GlobalSection(SolutionProperties) = preSolution
		HideSolutionNode = FALSE
	EndGlobalSection
	GlobalSection(ExtensibilityGlobals) = postSolution
		SolutionGuid = {BB9FAA1B-7464-4D19-8E7A-89A1109601E4}
	EndGlobalSection
EndGlobal
